
Microsoft Visual Studio Solution File, Format Version 12.00
# Visual Studio Version 17
VisualStudioVersion = 17.5.002.0
MinimumVisualStudioVersion = 10.0.40219.1
Project("{9A19103F-16F7-4668-BE54-9A1E7A4F7556}") = "bitcoinlib-cs", "bitcoinlib-cs.csproj", "{1EDCB969-9523-4F3C-A762-DE9907E1E7C3}"
EndProject
Global
	GlobalSection(SolutionConfigurationPlatforms) = preSolution
		Debug|Any CPU = Debug|Any CPU
		Release|Any CPU = Release|Any CPU
	EndGlobalSection
	GlobalSection(ProjectConfigurationPlatforms) = postSolution
		{1EDCB969-9523-4F3C-A762-DE9907E1E7C3}.Debug|Any CPU.ActiveCfg = Debug|Any CPU
		{1EDCB969-9523-4F3C-A762-DE9907E1E7C3}.Debug|Any CPU.Build.0 = Debug|Any CPU
		{1EDCB969-9523-4F3C-A762-DE9907E1E7C3}.Release|Any CPU.ActiveCfg = Release|Any CPU
		{1EDCB969-9523-4F3C-A762-DE9907E1E7C3}.Release|Any CPU.Build.0 = Release|Any CPU
	EndGlobalSection
	GlobalSection(SolutionProperties) = preSolution
		HideSolutionNode = FALSE
	EndGlobalSection
	GlobalSection(ExtensibilityGlobals) = postSolution
		SolutionGuid = {A6D7FAC4-C9D5-42C7-98C5-41B392BD6E5D}
	EndGlobalSection
EndGlobal
